// !$*UTF8*$!
{
	archiveVersion = 1;
	classes = {
	};
	objectVersion = 55;
	objects = {

/* Begin PBXBuildFile section */
		490D60EC28AFA0E1000ED051 /* MainViewController.swift in Sources */ = {isa = PBXBuildFile; fileRef = 490D60EB28AFA0E1000ED051 /* MainViewController.swift */; };
		4954C99328B673D500D3482D /* ProgressDialog.swift in Sources */ = {isa = PBXBuildFile; fileRef = 4954C99228B673D500D3482D /* ProgressDialog.swift */; };
		4954C99728B75DA600D3482D /* DetailViewController.swift in Sources */ = {isa = PBXBuildFile; fileRef = 4954C99628B75DA600D3482D /* DetailViewController.swift */; };
		4954C9A628B76AC700D3482D /* WebViewStoryboard.storyboard in Resources */ = {isa = PBXBuildFile; fileRef = 4954C99A28B76AC600D3482D /* WebViewStoryboard.storyboard */; };
		4954C9A728B76AC700D3482D /* WebViewImageAssets.xcassets in Resources */ = {isa = PBXBuildFile; fileRef = 4954C99C28B76AC600D3482D /* WebViewImageAssets.xcassets */; };
		4954C9A828B76AC700D3482D /* WebViewConfiguration.swift in Sources */ = {isa = PBXBuildFile; fileRef = 4954C99E28B76AC600D3482D /* WebViewConfiguration.swift */; };
		4954C9A928B76AC700D3482D /* WebViewPresenter.swift in Sources */ = {isa = PBXBuildFile; fileRef = 4954C99F28B76AC600D3482D /* WebViewPresenter.swift */; };
		4954C9AA28B76AC700D3482D /* WebViewInteractor.swift in Sources */ = {isa = PBXBuildFile; fileRef = 4954C9A028B76AC600D3482D /* WebViewInteractor.swift */; };
		4954C9AB28B76AC700D3482D /* WebViewProtocol.swift in Sources */ = {isa = PBXBuildFile; fileRef = 4954C9A128B76AC600D3482D /* WebViewProtocol.swift */; };
		4954C9AC28B76AC700D3482D /* WebViewWorker.swift in Sources */ = {isa = PBXBuildFile; fileRef = 4954C9A228B76AC600D3482D /* WebViewWorker.swift */; };
		4954C9AD28B76AC700D3482D /* WebViewViewController.swift in Sources */ = {isa = PBXBuildFile; fileRef = 4954C9A328B76AC600D3482D /* WebViewViewController.swift */; };
		4954C9AE28B76AC700D3482D /* WebViewRouter.swift in Sources */ = {isa = PBXBuildFile; fileRef = 4954C9A428B76AC600D3482D /* WebViewRouter.swift */; };
		4954C9AF28B76AC700D3482D /* WebViewModels.swift in Sources */ = {isa = PBXBuildFile; fileRef = 4954C9A528B76AC600D3482D /* WebViewModels.swift */; };
		4954C9B328B76FAE00D3482D /* Assets.xcassets in Resources */ = {isa = PBXBuildFile; fileRef = 4954C9B228B76FAE00D3482D /* Assets.xcassets */; };
		4954C9B528B779F300D3482D /* Color.xcassets in Resources */ = {isa = PBXBuildFile; fileRef = 4954C9B428B779F300D3482D /* Color.xcassets */; };
		4954C9B728B77A1700D3482D /* UIColorExtension.swift in Sources */ = {isa = PBXBuildFile; fileRef = 4954C9B628B77A1700D3482D /* UIColorExtension.swift */; };
		4954C9BC28B7804600D3482D /* EmptyDataView.swift in Sources */ = {isa = PBXBuildFile; fileRef = 4954C9BB28B7804600D3482D /* EmptyDataView.swift */; };
		4954C9BE28B7804E00D3482D /* EmptyDataView.xib in Resources */ = {isa = PBXBuildFile; fileRef = 4954C9BD28B7804E00D3482D /* EmptyDataView.xib */; };
		49A5D03828AA59C8003F52D6 /* AppDelegate.swift in Sources */ = {isa = PBXBuildFile; fileRef = 49A5D03728AA59C8003F52D6 /* AppDelegate.swift */; };
		49A5D03A28AA59C8003F52D6 /* SceneDelegate.swift in Sources */ = {isa = PBXBuildFile; fileRef = 49A5D03928AA59C8003F52D6 /* SceneDelegate.swift */; };
		49A5D03C28AA59C8003F52D6 /* LoginViewController.swift in Sources */ = {isa = PBXBuildFile; fileRef = 49A5D03B28AA59C8003F52D6 /* LoginViewController.swift */; };
		49A5D03F28AA59C8003F52D6 /* Main.storyboard in Resources */ = {isa = PBXBuildFile; fileRef = 49A5D03D28AA59C8003F52D6 /* Main.storyboard */; };
		49A5D04428AA59C9003F52D6 /* LaunchScreen.storyboard in Resources */ = {isa = PBXBuildFile; fileRef = 49A5D04228AA59C9003F52D6 /* LaunchScreen.storyboard */; };
		49AA89B928B60A3400D32D5A /* GoogleService-Info.plist in Resources */ = {isa = PBXBuildFile; fileRef = 49AA89B828B60A3400D32D5A /* GoogleService-Info.plist */; };
		49AA89BB28B6102800D32D5A /* UIViewController+Popup.swift in Sources */ = {isa = PBXBuildFile; fileRef = 49AA89BA28B6102800D32D5A /* UIViewController+Popup.swift */; };
		49AA89BD28B6108B00D32D5A /* RegisterViewController.swift in Sources */ = {isa = PBXBuildFile; fileRef = 49AA89BC28B6108B00D32D5A /* RegisterViewController.swift */; };
		49AA89C328B617D700D32D5A /* MainTableViewCell.swift in Sources */ = {isa = PBXBuildFile; fileRef = 49AA89C128B617D700D32D5A /* MainTableViewCell.swift */; };
		49AA89C428B617D700D32D5A /* MainTableViewCell.xib in Resources */ = {isa = PBXBuildFile; fileRef = 49AA89C228B617D700D32D5A /* MainTableViewCell.xib */; };
		49AA89C728B6194C00D32D5A /* ModelResponse.swift in Sources */ = {isa = PBXBuildFile; fileRef = 49AA89C628B6194C00D32D5A /* ModelResponse.swift */; };
		49AA89CB28B63FE400D32D5A /* Images.xcassets in Resources */ = {isa = PBXBuildFile; fileRef = 49AA89CA28B63FE400D32D5A /* Images.xcassets */; };
		49AA89CF28B6435E00D32D5A /* FavoriteViewController.swift in Sources */ = {isa = PBXBuildFile; fileRef = 49AA89CE28B6435E00D32D5A /* FavoriteViewController.swift */; };
		49AA89D228B643E900D32D5A /* FavoriteCollectionViewCell.swift in Sources */ = {isa = PBXBuildFile; fileRef = 49AA89D028B643E900D32D5A /* FavoriteCollectionViewCell.swift */; };
		49AA89D328B643E900D32D5A /* FavoriteCollectionViewCell.xib in Resources */ = {isa = PBXBuildFile; fileRef = 49AA89D128B643E900D32D5A /* FavoriteCollectionViewCell.xib */; };
		49AA89D528B646DB00D32D5A /* LoginModel.swift in Sources */ = {isa = PBXBuildFile; fileRef = 49AA89D428B646DB00D32D5A /* LoginModel.swift */; };
		9A46DD4780A80CCBCB7C5E5D /* Pods_TestProject.framework in Frameworks */ = {isa = PBXBuildFile; fileRef = EB3B4B70ACB16B34C8165182 /* Pods_TestProject.framework */; };
/* End PBXBuildFile section */

/* Begin PBXFileReference section */
		05449017DB47E84E1DF9E686 /* Pods-TestProject.debug.xcconfig */ = {isa = PBXFileReference; includeInIndex = 1; lastKnownFileType = text.xcconfig; name = "Pods-TestProject.debug.xcconfig"; path = "Target Support Files/Pods-TestProject/Pods-TestProject.debug.xcconfig"; sourceTree = "<group>"; };
		459C35F49413BEF7963B4EE4 /* Pods-TestProject.release.xcconfig */ = {isa = PBXFileReference; includeInIndex = 1; lastKnownFileType = text.xcconfig; name = "Pods-TestProject.release.xcconfig"; path = "Target Support Files/Pods-TestProject/Pods-TestProject.release.xcconfig"; sourceTree = "<group>"; };
		490D60EB28AFA0E1000ED051 /* MainViewController.swift */ = {isa = PBXFileReference; lastKnownFileType = sourcecode.swift; path = MainViewController.swift; sourceTree = "<group>"; };
		4954C99228B673D500D3482D /* ProgressDialog.swift */ = {isa = PBXFileReference; lastKnownFileType = sourcecode.swift; path = ProgressDialog.swift; sourceTree = "<group>"; };
		4954C99628B75DA600D3482D /* DetailViewController.swift */ = {isa = PBXFileReference; lastKnownFileType = sourcecode.swift; path = DetailViewController.swift; sourceTree = "<group>"; };
		4954C99A28B76AC600D3482D /* WebViewStoryboard.storyboard */ = {isa = PBXFileReference; fileEncoding = 4; lastKnownFileType = file.storyboard; path = WebViewStoryboard.storyboard; sourceTree = "<group>"; };
		4954C99C28B76AC600D3482D /* WebViewImageAssets.xcassets */ = {isa = PBXFileReference; lastKnownFileType = folder.assetcatalog; path = WebViewImageAssets.xcassets; sourceTree = "<group>"; };
		4954C99E28B76AC600D3482D /* WebViewConfiguration.swift */ = {isa = PBXFileReference; fileEncoding = 4; lastKnownFileType = sourcecode.swift; path = WebViewConfiguration.swift; sourceTree = "<group>"; };
		4954C99F28B76AC600D3482D /* WebViewPresenter.swift */ = {isa = PBXFileReference; fileEncoding = 4; lastKnownFileType = sourcecode.swift; path = WebViewPresenter.swift; sourceTree = "<group>"; };
		4954C9A028B76AC600D3482D /* WebViewInteractor.swift */ = {isa = PBXFileReference; fileEncoding = 4; lastKnownFileType = sourcecode.swift; path = WebViewInteractor.swift; sourceTree = "<group>"; };
		4954C9A128B76AC600D3482D /* WebViewProtocol.swift */ = {isa = PBXFileReference; fileEncoding = 4; lastKnownFileType = sourcecode.swift; path = WebViewProtocol.swift; sourceTree = "<group>"; };
		4954C9A228B76AC600D3482D /* WebViewWorker.swift */ = {isa = PBXFileReference; fileEncoding = 4; lastKnownFileType = sourcecode.swift; path = WebViewWorker.swift; sourceTree = "<group>"; };
		4954C9A328B76AC600D3482D /* WebViewViewController.swift */ = {isa = PBXFileReference; fileEncoding = 4; lastKnownFileType = sourcecode.swift; path = WebViewViewController.swift; sourceTree = "<group>"; };
		4954C9A428B76AC600D3482D /* WebViewRouter.swift */ = {isa = PBXFileReference; fileEncoding = 4; lastKnownFileType = sourcecode.swift; path = WebViewRouter.swift; sourceTree = "<group>"; };
		4954C9A528B76AC600D3482D /* WebViewModels.swift */ = {isa = PBXFileReference; fileEncoding = 4; lastKnownFileType = sourcecode.swift; path = WebViewModels.swift; sourceTree = "<group>"; };
		4954C9B228B76FAE00D3482D /* Assets.xcassets */ = {isa = PBXFileReference; lastKnownFileType = folder.assetcatalog; path = Assets.xcassets; sourceTree = "<group>"; };
		4954C9B428B779F300D3482D /* Color.xcassets */ = {isa = PBXFileReference; lastKnownFileType = folder.assetcatalog; path = Color.xcassets; sourceTree = "<group>"; };
		4954C9B628B77A1700D3482D /* UIColorExtension.swift */ = {isa = PBXFileReference; lastKnownFileType = sourcecode.swift; path = UIColorExtension.swift; sourceTree = "<group>"; };
		4954C9BB28B7804600D3482D /* EmptyDataView.swift */ = {isa = PBXFileReference; lastKnownFileType = sourcecode.swift; path = EmptyDataView.swift; sourceTree = "<group>"; };
		4954C9BD28B7804E00D3482D /* EmptyDataView.xib */ = {isa = PBXFileReference; lastKnownFileType = file.xib; path = EmptyDataView.xib; sourceTree = "<group>"; };
		49A5D03428AA59C8003F52D6 /* TestProject.app */ = {isa = PBXFileReference; explicitFileType = wrapper.application; includeInIndex = 0; path = TestProject.app; sourceTree = BUILT_PRODUCTS_DIR; };
		49A5D03728AA59C8003F52D6 /* AppDelegate.swift */ = {isa = PBXFileReference; lastKnownFileType = sourcecode.swift; path = AppDelegate.swift; sourceTree = "<group>"; };
		49A5D03928AA59C8003F52D6 /* SceneDelegate.swift */ = {isa = PBXFileReference; lastKnownFileType = sourcecode.swift; path = SceneDelegate.swift; sourceTree = "<group>"; };
		49A5D03B28AA59C8003F52D6 /* LoginViewController.swift */ = {isa = PBXFileReference; lastKnownFileType = sourcecode.swift; path = LoginViewController.swift; sourceTree = "<group>"; };
		49A5D03E28AA59C8003F52D6 /* Base */ = {isa = PBXFileReference; lastKnownFileType = file.storyboard; name = Base; path = Base.lproj/Main.storyboard; sourceTree = "<group>"; };
		49A5D04328AA59C9003F52D6 /* Base */ = {isa = PBXFileReference; lastKnownFileType = file.storyboard; name = Base; path = Base.lproj/LaunchScreen.storyboard; sourceTree = "<group>"; };
		49A5D04528AA59C9003F52D6 /* Info.plist */ = {isa = PBXFileReference; lastKnownFileType = text.plist.xml; path = Info.plist; sourceTree = "<group>"; };
		49AA89B828B60A3400D32D5A /* GoogleService-Info.plist */ = {isa = PBXFileReference; fileEncoding = 4; lastKnownFileType = text.plist.xml; path = "GoogleService-Info.plist"; sourceTree = "<group>"; };
		49AA89BA28B6102800D32D5A /* UIViewController+Popup.swift */ = {isa = PBXFileReference; lastKnownFileType = sourcecode.swift; path = "UIViewController+Popup.swift"; sourceTree = "<group>"; };
		49AA89BC28B6108B00D32D5A /* RegisterViewController.swift */ = {isa = PBXFileReference; lastKnownFileType = sourcecode.swift; path = RegisterViewController.swift; sourceTree = "<group>"; };
		49AA89C128B617D700D32D5A /* MainTableViewCell.swift */ = {isa = PBXFileReference; lastKnownFileType = sourcecode.swift; path = MainTableViewCell.swift; sourceTree = "<group>"; };
		49AA89C228B617D700D32D5A /* MainTableViewCell.xib */ = {isa = PBXFileReference; lastKnownFileType = file.xib; path = MainTableViewCell.xib; sourceTree = "<group>"; };
		49AA89C628B6194C00D32D5A /* ModelResponse.swift */ = {isa = PBXFileReference; lastKnownFileType = sourcecode.swift; path = ModelResponse.swift; sourceTree = "<group>"; };
		49AA89CA28B63FE400D32D5A /* Images.xcassets */ = {isa = PBXFileReference; lastKnownFileType = folder.assetcatalog; path = Images.xcassets; sourceTree = "<group>"; };
		49AA89CE28B6435E00D32D5A /* FavoriteViewController.swift */ = {isa = PBXFileReference; lastKnownFileType = sourcecode.swift; path = FavoriteViewController.swift; sourceTree = "<group>"; };
		49AA89D028B643E900D32D5A /* FavoriteCollectionViewCell.swift */ = {isa = PBXFileReference; lastKnownFileType = sourcecode.swift; path = FavoriteCollectionViewCell.swift; sourceTree = "<group>"; };
		49AA89D128B643E900D32D5A /* FavoriteCollectionViewCell.xib */ = {isa = PBXFileReference; lastKnownFileType = file.xib; path = FavoriteCollectionViewCell.xib; sourceTree = "<group>"; };
		49AA89D428B646DB00D32D5A /* LoginModel.swift */ = {isa = PBXFileReference; lastKnownFileType = sourcecode.swift; path = LoginModel.swift; sourceTree = "<group>"; };
		EB3B4B70ACB16B34C8165182 /* Pods_TestProject.framework */ = {isa = PBXFileReference; explicitFileType = wrapper.framework; includeInIndex = 0; path = Pods_TestProject.framework; sourceTree = BUILT_PRODUCTS_DIR; };
/* End PBXFileReference section */

/* Begin PBXFrameworksBuildPhase section */
		49A5D03128AA59C8003F52D6 /* Frameworks */ = {
			isa = PBXFrameworksBuildPhase;
			buildActionMask = 2147483647;
			files = (
				9A46DD4780A80CCBCB7C5E5D /* Pods_TestProject.framework in Frameworks */,
			);
			runOnlyForDeploymentPostprocessing = 0;
		};
/* End PBXFrameworksBuildPhase section */

/* Begin PBXGroup section */
		15E63EDE62B935DD4E119316 /* Frameworks */ = {
			isa = PBXGroup;
			children = (
				EB3B4B70ACB16B34C8165182 /* Pods_TestProject.framework */,
			);
			name = Frameworks;
			sourceTree = "<group>";
		};
		48B8CFEA798ABC7AD386523D /* Pods */ = {
			isa = PBXGroup;
			children = (
				05449017DB47E84E1DF9E686 /* Pods-TestProject.debug.xcconfig */,
				459C35F49413BEF7963B4EE4 /* Pods-TestProject.release.xcconfig */,
			);
			path = Pods;
			sourceTree = "<group>";
		};
		4954C99128B673CE00D3482D /* Extension */ = {
			isa = PBXGroup;
			children = (
				4954C99228B673D500D3482D /* ProgressDialog.swift */,
				4954C9B628B77A1700D3482D /* UIColorExtension.swift */,
				49AA89BA28B6102800D32D5A /* UIViewController+Popup.swift */,
			);
			path = Extension;
			sourceTree = "<group>";
		};
		4954C99528B75D4F00D3482D /* Detail */ = {
			isa = PBXGroup;
			children = (
				4954C99628B75DA600D3482D /* DetailViewController.swift */,
			);
			path = Detail;
			sourceTree = "<group>";
		};
		4954C99828B76AC600D3482D /* WebView */ = {
			isa = PBXGroup;
			children = (
				4954C99928B76AC600D3482D /* StoryBoard */,
				4954C99B28B76AC600D3482D /* Assets */,
				4954C99D28B76AC600D3482D /* Pages */,
			);
			path = WebView;
			sourceTree = "<group>";
		};
		4954C99928B76AC600D3482D /* StoryBoard */ = {
			isa = PBXGroup;
			children = (
				4954C99A28B76AC600D3482D /* WebViewStoryboard.storyboard */,
			);
			path = StoryBoard;
			sourceTree = "<group>";
		};
		4954C99B28B76AC600D3482D /* Assets */ = {
			isa = PBXGroup;
			children = (
				4954C99C28B76AC600D3482D /* WebViewImageAssets.xcassets */,
			);
			path = Assets;
			sourceTree = "<group>";
		};
		4954C99D28B76AC600D3482D /* Pages */ = {
			isa = PBXGroup;
			children = (
				4954C99E28B76AC600D3482D /* WebViewConfiguration.swift */,
				4954C99F28B76AC600D3482D /* WebViewPresenter.swift */,
				4954C9A028B76AC600D3482D /* WebViewInteractor.swift */,
				4954C9A128B76AC600D3482D /* WebViewProtocol.swift */,
				4954C9A228B76AC600D3482D /* WebViewWorker.swift */,
				4954C9A328B76AC600D3482D /* WebViewViewController.swift */,
				4954C9A428B76AC600D3482D /* WebViewRouter.swift */,
				4954C9A528B76AC600D3482D /* WebViewModels.swift */,
			);
			path = Pages;
			sourceTree = "<group>";
		};
		49A5D02B28AA59C8003F52D6 = {
			isa = PBXGroup;
			children = (
				49A5D03628AA59C8003F52D6 /* TestProject */,
				49A5D03528AA59C8003F52D6 /* Products */,
				48B8CFEA798ABC7AD386523D /* Pods */,
				15E63EDE62B935DD4E119316 /* Frameworks */,
			);
			sourceTree = "<group>";
		};
		49A5D03528AA59C8003F52D6 /* Products */ = {
			isa = PBXGroup;
			children = (
				49A5D03428AA59C8003F52D6 /* TestProject.app */,
			);
			name = Products;
			sourceTree = "<group>";
		};
		49A5D03628AA59C8003F52D6 /* TestProject */ = {
			isa = PBXGroup;
			children = (
				49AA89BF28B6140E00D32D5A /* Firebase */,
				4954C99128B673CE00D3482D /* Extension */,
				4954C99828B76AC600D3482D /* WebView */,
				4954C99528B75D4F00D3482D /* Detail */,
				49AA89CD28B6435000D32D5A /* Favorite */,
				49AA89C928B63FDB00D32D5A /* Asset */,
				49AA89C528B6194200D32D5A /* Model */,
				49AA89C028B6141900D32D5A /* Main */,
				49AA89BE28B6140000D32D5A /* Login */,
				49A5D03728AA59C8003F52D6 /* AppDelegate.swift */,
				49A5D03928AA59C8003F52D6 /* SceneDelegate.swift */,
				49A5D03D28AA59C8003F52D6 /* Main.storyboard */,
				4954C9B228B76FAE00D3482D /* Assets.xcassets */,
				4954C9B428B779F300D3482D /* Color.xcassets */,
				49A5D04228AA59C9003F52D6 /* LaunchScreen.storyboard */,
				49A5D04528AA59C9003F52D6 /* Info.plist */,
			);
			path = TestProject;
			sourceTree = "<group>";
		};
		49AA89BE28B6140000D32D5A /* Login */ = {
			isa = PBXGroup;
			children = (
				49A5D03B28AA59C8003F52D6 /* LoginViewController.swift */,
				49AA89BC28B6108B00D32D5A /* RegisterViewController.swift */,
				49AA89D428B646DB00D32D5A /* LoginModel.swift */,
			);
			path = Login;
			sourceTree = "<group>";
		};
		49AA89BF28B6140E00D32D5A /* Firebase */ = {
			isa = PBXGroup;
			children = (
				49AA89B828B60A3400D32D5A /* GoogleService-Info.plist */,
			);
			path = Firebase;
			sourceTree = "<group>";
		};
		49AA89C028B6141900D32D5A /* Main */ = {
			isa = PBXGroup;
			children = (
				490D60EB28AFA0E1000ED051 /* MainViewController.swift */,
				49AA89C128B617D700D32D5A /* MainTableViewCell.swift */,
				49AA89C228B617D700D32D5A /* MainTableViewCell.xib */,
				4954C9BB28B7804600D3482D /* EmptyDataView.swift */,
				4954C9BD28B7804E00D3482D /* EmptyDataView.xib */,
			);
			path = Main;
			sourceTree = "<group>";
		};
		49AA89C528B6194200D32D5A /* Model */ = {
			isa = PBXGroup;
			children = (
				49AA89C628B6194C00D32D5A /* ModelResponse.swift */,
			);
			path = Model;
			sourceTree = "<group>";
		};
		49AA89C928B63FDB00D32D5A /* Asset */ = {
			isa = PBXGroup;
			children = (
				49AA89CA28B63FE400D32D5A /* Images.xcassets */,
			);
			path = Asset;
			sourceTree = "<group>";
		};
		49AA89CD28B6435000D32D5A /* Favorite */ = {
			isa = PBXGroup;
			children = (
				49AA89CE28B6435E00D32D5A /* FavoriteViewController.swift */,
				49AA89D028B643E900D32D5A /* FavoriteCollectionViewCell.swift */,
				49AA89D128B643E900D32D5A /* FavoriteCollectionViewCell.xib */,
			);
			path = Favorite;
			sourceTree = "<group>";
		};
/* End PBXGroup section */

/* Begin PBXNativeTarget section */
		49A5D03328AA59C8003F52D6 /* TestProject */ = {
			isa = PBXNativeTarget;
			buildConfigurationList = 49A5D04828AA59C9003F52D6 /* Build configuration list for PBXNativeTarget "TestProject" */;
			buildPhases = (
				A08ADEDBD3FC5CAED973A188 /* [CP] Check Pods Manifest.lock */,
				49A5D03028AA59C8003F52D6 /* Sources */,
				49A5D03128AA59C8003F52D6 /* Frameworks */,
				49A5D03228AA59C8003F52D6 /* Resources */,
				7C6ED9B9C4D9D57113DB0641 /* [CP] Embed Pods Frameworks */,
			);
			buildRules = (
			);
			dependencies = (
			);
			name = TestProject;
			productName = TestProject;
			productReference = 49A5D03428AA59C8003F52D6 /* TestProject.app */;
			productType = "com.apple.product-type.application";
		};
/* End PBXNativeTarget section */

/* Begin PBXProject section */
		49A5D02C28AA59C8003F52D6 /* Project object */ = {
			isa = PBXProject;
			attributes = {
				BuildIndependentTargetsInParallel = 1;
				LastSwiftUpdateCheck = 1340;
				LastUpgradeCheck = 1340;
				TargetAttributes = {
					49A5D03328AA59C8003F52D6 = {
						CreatedOnToolsVersion = 13.4.1;
					};
				};
			};
			buildConfigurationList = 49A5D02F28AA59C8003F52D6 /* Build configuration list for PBXProject "TestProject" */;
			compatibilityVersion = "Xcode 13.0";
			developmentRegion = en;
			hasScannedForEncodings = 0;
			knownRegions = (
				en,
				Base,
			);
			mainGroup = 49A5D02B28AA59C8003F52D6;
			productRefGroup = 49A5D03528AA59C8003F52D6 /* Products */;
			projectDirPath = "";
			projectRoot = "";
			targets = (
				49A5D03328AA59C8003F52D6 /* TestProject */,
			);
		};
/* End PBXProject section */

/* Begin PBXResourcesBuildPhase section */
		49A5D03228AA59C8003F52D6 /* Resources */ = {
			isa = PBXResourcesBuildPhase;
			buildActionMask = 2147483647;
			files = (
				49A5D04428AA59C9003F52D6 /* LaunchScreen.storyboard in Resources */,
				49AA89B928B60A3400D32D5A /* GoogleService-Info.plist in Resources */,
				49AA89CB28B63FE400D32D5A /* Images.xcassets in Resources */,
				4954C9BE28B7804E00D3482D /* EmptyDataView.xib in Resources */,
				49A5D03F28AA59C8003F52D6 /* Main.storyboard in Resources */,
				4954C9B328B76FAE00D3482D /* Assets.xcassets in Resources */,
				4954C9A628B76AC700D3482D /* WebViewStoryboard.storyboard in Resources */,
				4954C9A728B76AC700D3482D /* WebViewImageAssets.xcassets in Resources */,
				4954C9B528B779F300D3482D /* Color.xcassets in Resources */,
				49AA89D328B643E900D32D5A /* FavoriteCollectionViewCell.xib in Resources */,
				49AA89C428B617D700D32D5A /* MainTableViewCell.xib in Resources */,
			);
			runOnlyForDeploymentPostprocessing = 0;
		};
/* End PBXResourcesBuildPhase section */

/* Begin PBXShellScriptBuildPhase section */
		7C6ED9B9C4D9D57113DB0641 /* [CP] Embed Pods Frameworks */ = {
			isa = PBXShellScriptBuildPhase;
			buildActionMask = 2147483647;
			files = (
			);
			inputFileListPaths = (
				"${PODS_ROOT}/Target Support Files/Pods-TestProject/Pods-TestProject-frameworks-${CONFIGURATION}-input-files.xcfilelist",
			);
			name = "[CP] Embed Pods Frameworks";
			outputFileListPaths = (
				"${PODS_ROOT}/Target Support Files/Pods-TestProject/Pods-TestProject-frameworks-${CONFIGURATION}-output-files.xcfilelist",
			);
			runOnlyForDeploymentPostprocessing = 0;
			shellPath = /bin/sh;
			shellScript = "\"${PODS_ROOT}/Target Support Files/Pods-TestProject/Pods-TestProject-frameworks.sh\"\n";
			showEnvVarsInLog = 0;
		};
		A08ADEDBD3FC5CAED973A188 /* [CP] Check Pods Manifest.lock */ = {
			isa = PBXShellScriptBuildPhase;
			buildActionMask = 2147483647;
			files = (
			);
			inputFileListPaths = (
			);
			inputPaths = (
				"${PODS_PODFILE_DIR_PATH}/Podfile.lock",
				"${PODS_ROOT}/Manifest.lock",
			);
			name = "[CP] Check Pods Manifest.lock";
			outputFileListPaths = (
			);
			outputPaths = (
				"$(DERIVED_FILE_DIR)/Pods-TestProject-checkManifestLockResult.txt",
			);
			runOnlyForDeploymentPostprocessing = 0;
			shellPath = /bin/sh;
			shellScript = "diff \"${PODS_PODFILE_DIR_PATH}/Podfile.lock\" \"${PODS_ROOT}/Manifest.lock\" > /dev/null\nif [ $? != 0 ] ; then\n    # print error to STDERR\n    echo \"error: The sandbox is not in sync with the Podfile.lock. Run 'pod install' or update your CocoaPods installation.\" >&2\n    exit 1\nfi\n# This output is used by Xcode 'outputs' to avoid re-running this script phase.\necho \"SUCCESS\" > \"${SCRIPT_OUTPUT_FILE_0}\"\n";
			showEnvVarsInLog = 0;
		};
/* End PBXShellScriptBuildPhase section */

/* Begin PBXSourcesBuildPhase section */
		49A5D03028AA59C8003F52D6 /* Sources */ = {
			isa = PBXSourcesBuildPhase;
			buildActionMask = 2147483647;
			files = (
				4954C9AE28B76AC700D3482D /* WebViewRouter.swift in Sources */,
				4954C9A828B76AC700D3482D /* WebViewConfiguration.swift in Sources */,
				4954C9AF28B76AC700D3482D /* WebViewModels.swift in Sources */,
				4954C99728B75DA600D3482D /* DetailViewController.swift in Sources */,
				4954C9AD28B76AC700D3482D /* WebViewViewController.swift in Sources */,
				49AA89BB28B6102800D32D5A /* UIViewController+Popup.swift in Sources */,
				4954C99328B673D500D3482D /* ProgressDialog.swift in Sources */,
				490D60EC28AFA0E1000ED051 /* MainViewController.swift in Sources */,
				49A5D03C28AA59C8003F52D6 /* LoginViewController.swift in Sources */,
				4954C9AA28B76AC700D3482D /* WebViewInteractor.swift in Sources */,
				4954C9AB28B76AC700D3482D /* WebViewProtocol.swift in Sources */,
				49AA89D528B646DB00D32D5A /* LoginModel.swift in Sources */,
				4954C9AC28B76AC700D3482D /* WebViewWorker.swift in Sources */,
				49AA89C328B617D700D32D5A /* MainTableViewCell.swift in Sources */,
				49AA89D228B643E900D32D5A /* FavoriteCollectionViewCell.swift in Sources */,
				49AA89CF28B6435E00D32D5A /* FavoriteViewController.swift in Sources */,
				4954C9A928B76AC700D3482D /* WebViewPresenter.swift in Sources */,
				49AA89BD28B6108B00D32D5A /* RegisterViewController.swift in Sources */,
				49A5D03828AA59C8003F52D6 /* AppDelegate.swift in Sources */,
				4954C9BC28B7804600D3482D /* EmptyDataView.swift in Sources */,
				4954C9B728B77A1700D3482D /* UIColorExtension.swift in Sources */,
				49AA89C728B6194C00D32D5A /* ModelResponse.swift in Sources */,
				49A5D03A28AA59C8003F52D6 /* SceneDelegate.swift in Sources */,
			);
			runOnlyForDeploymentPostprocessing = 0;
		};
/* End PBXSourcesBuildPhase section */

/* Begin PBXVariantGroup section */
		49A5D03D28AA59C8003F52D6 /* Main.storyboard */ = {
			isa = PBXVariantGroup;
			children = (
				49A5D03E28AA59C8003F52D6 /* Base */,
			);
			name = Main.storyboard;
			sourceTree = "<group>";
		};
		49A5D04228AA59C9003F52D6 /* LaunchScreen.storyboard */ = {
			isa = PBXVariantGroup;
			children = (
				49A5D04328AA59C9003F52D6 /* Base */,
			);
			name = LaunchScreen.storyboard;
			sourceTree = "<group>";
		};
/* End PBXVariantGroup section */

/* Begin XCBuildConfiguration section */
		49A5D04628AA59C9003F52D6 /* Debug */ = {
			isa = XCBuildConfiguration;
			buildSettings = {
				ALWAYS_SEARCH_USER_PATHS = NO;
				CLANG_ANALYZER_NONNULL = YES;
				CLANG_ANALYZER_NUMBER_OBJECT_CONVERSION = YES_AGGRESSIVE;
				CLANG_CXX_LANGUAGE_STANDARD = "gnu++17";
				CLANG_ENABLE_MODULES = YES;
				CLANG_ENABLE_OBJC_ARC = YES;
				CLANG_ENABLE_OBJC_WEAK = YES;
				CLANG_WARN_BLOCK_CAPTURE_AUTORELEASING = YES;
				CLANG_WARN_BOOL_CONVERSION = YES;
				CLANG_WARN_COMMA = YES;
				CLANG_WARN_CONSTANT_CONVERSION = YES;
				CLANG_WARN_DEPRECATED_OBJC_IMPLEMENTATIONS = YES;
				CLANG_WARN_DIRECT_OBJC_ISA_USAGE = YES_ERROR;
				CLANG_WARN_DOCUMENTATION_COMMENTS = YES;
				CLANG_WARN_EMPTY_BODY = YES;
				CLANG_WARN_ENUM_CONVERSION = YES;
				CLANG_WARN_INFINITE_RECURSION = YES;
				CLANG_WARN_INT_CONVERSION = YES;
				CLANG_WARN_NON_LITERAL_NULL_CONVERSION = YES;
				CLANG_WARN_OBJC_IMPLICIT_RETAIN_SELF = YES;
				CLANG_WARN_OBJC_LITERAL_CONVERSION = YES;
				CLANG_WARN_OBJC_ROOT_CLASS = YES_ERROR;
				CLANG_WARN_QUOTED_INCLUDE_IN_FRAMEWORK_HEADER = YES;
				CLANG_WARN_RANGE_LOOP_ANALYSIS = YES;
				CLANG_WARN_STRICT_PROTOTYPES = YES;
				CLANG_WARN_SUSPICIOUS_MOVE = YES;
				CLANG_WARN_UNGUARDED_AVAILABILITY = YES_AGGRESSIVE;
				CLANG_WARN_UNREACHABLE_CODE = YES;
				CLANG_WARN__DUPLICATE_METHOD_MATCH = YES;
				COPY_PHASE_STRIP = NO;
				DEBUG_INFORMATION_FORMAT = dwarf;
				ENABLE_STRICT_OBJC_MSGSEND = YES;
				ENABLE_TESTABILITY = YES;
				GCC_C_LANGUAGE_STANDARD = gnu11;
				GCC_DYNAMIC_NO_PIC = NO;
				GCC_NO_COMMON_BLOCKS = YES;
				GCC_OPTIMIZATION_LEVEL = 0;
				GCC_PREPROCESSOR_DEFINITIONS = (
					"DEBUG=1",
					"$(inherited)",
				);
				GCC_WARN_64_TO_32_BIT_CONVERSION = YES;
				GCC_WARN_ABOUT_RETURN_TYPE = YES_ERROR;
				GCC_WARN_UNDECLARED_SELECTOR = YES;
				GCC_WARN_UNINITIALIZED_AUTOS = YES_AGGRESSIVE;
				GCC_WARN_UNUSED_FUNCTION = YES;
				GCC_WARN_UNUSED_VARIABLE = YES;
				IPHONEOS_DEPLOYMENT_TARGET = 15.5;
				MTL_ENABLE_DEBUG_INFO = INCLUDE_SOURCE;
				MTL_FAST_MATH = YES;
				ONLY_ACTIVE_ARCH = YES;
				SDKROOT = iphoneos;
				SWIFT_ACTIVE_COMPILATION_CONDITIONS = DEBUG;
				SWIFT_OPTIMIZATION_LEVEL = "-Onone";
			};
			name = Debug;
		};
		49A5D04728AA59C9003F52D6 /* Release */ = {
			isa = XCBuildConfiguration;
			buildSettings = {
				ALWAYS_SEARCH_USER_PATHS = NO;
				CLANG_ANALYZER_NONNULL = YES;
				CLANG_ANALYZER_NUMBER_OBJECT_CONVERSION = YES_AGGRESSIVE;
				CLANG_CXX_LANGUAGE_STANDARD = "gnu++17";
				CLANG_ENABLE_MODULES = YES;
				CLANG_ENABLE_OBJC_ARC = YES;
				CLANG_ENABLE_OBJC_WEAK = YES;
				CLANG_WARN_BLOCK_CAPTURE_AUTORELEASING = YES;
				CLANG_WARN_BOOL_CONVERSION = YES;
				CLANG_WARN_COMMA = YES;
				CLANG_WARN_CONSTANT_CONVERSION = YES;
				CLANG_WARN_DEPRECATED_OBJC_IMPLEMENTATIONS = YES;
				CLANG_WARN_DIRECT_OBJC_ISA_USAGE = YES_ERROR;
				CLANG_WARN_DOCUMENTATION_COMMENTS = YES;
				CLANG_WARN_EMPTY_BODY = YES;
				CLANG_WARN_ENUM_CONVERSION = YES;
				CLANG_WARN_INFINITE_RECURSION = YES;
				CLANG_WARN_INT_CONVERSION = YES;
				CLANG_WARN_NON_LITERAL_NULL_CONVERSION = YES;
				CLANG_WARN_OBJC_IMPLICIT_RETAIN_SELF = YES;
				CLANG_WARN_OBJC_LITERAL_CONVERSION = YES;
				CLANG_WARN_OBJC_ROOT_CLASS = YES_ERROR;
				CLANG_WARN_QUOTED_INCLUDE_IN_FRAMEWORK_HEADER = YES;
				CLANG_WARN_RANGE_LOOP_ANALYSIS = YES;
				CLANG_WARN_STRICT_PROTOTYPES = YES;
				CLANG_WARN_SUSPICIOUS_MOVE = YES;
				CLANG_WARN_UNGUARDED_AVAILABILITY = YES_AGGRESSIVE;
				CLANG_WARN_UNREACHABLE_CODE = YES;
				CLANG_WARN__DUPLICATE_METHOD_MATCH = YES;
				COPY_PHASE_STRIP = NO;
				DEBUG_INFORMATION_FORMAT = "dwarf-with-dsym";
				ENABLE_NS_ASSERTIONS = NO;
				ENABLE_STRICT_OBJC_MSGSEND = YES;
				GCC_C_LANGUAGE_STANDARD = gnu11;
				GCC_NO_COMMON_BLOCKS = YES;
				GCC_WARN_64_TO_32_BIT_CONVERSION = YES;
				GCC_WARN_ABOUT_RETURN_TYPE = YES_ERROR;
				GCC_WARN_UNDECLARED_SELECTOR = YES;
				GCC_WARN_UNINITIALIZED_AUTOS = YES_AGGRESSIVE;
				GCC_WARN_UNUSED_FUNCTION = YES;
				GCC_WARN_UNUSED_VARIABLE = YES;
				IPHONEOS_DEPLOYMENT_TARGET = 15.5;
				MTL_ENABLE_DEBUG_INFO = NO;
				MTL_FAST_MATH = YES;
				SDKROOT = iphoneos;
				SWIFT_COMPILATION_MODE = wholemodule;
				SWIFT_OPTIMIZATION_LEVEL = "-O";
				VALIDATE_PRODUCT = YES;
			};
			name = Release;
		};
		49A5D04928AA59C9003F52D6 /* Debug */ = {
			isa = XCBuildConfiguration;
			baseConfigurationReference = 05449017DB47E84E1DF9E686 /* Pods-TestProject.debug.xcconfig */;
			buildSettings = {
				ASSETCATALOG_COMPILER_APPICON_NAME = AppIcon;
				ASSETCATALOG_COMPILER_GLOBAL_ACCENT_COLOR_NAME = AccentColor;
				CODE_SIGN_IDENTITY = "iPhone Developer";
				CODE_SIGN_STYLE = Manual;
				CURRENT_PROJECT_VERSION = 1;
				DEVELOPMENT_TEAM = BJ6424JKXD;
				GENERATE_INFOPLIST_FILE = YES;
				INFOPLIST_FILE = TestProject/Info.plist;
				INFOPLIST_KEY_CFBundleDisplayName = Anime;
				INFOPLIST_KEY_UIApplicationSupportsIndirectInputEvents = YES;
				INFOPLIST_KEY_UILaunchStoryboardName = LaunchScreen;
				INFOPLIST_KEY_UIMainStoryboardFile = Main;
				INFOPLIST_KEY_UISupportedInterfaceOrientations_iPad = "UIInterfaceOrientationPortrait UIInterfaceOrientationPortraitUpsideDown UIInterfaceOrientationLandscapeLeft UIInterfaceOrientationLandscapeRight";
				INFOPLIST_KEY_UISupportedInterfaceOrientations_iPhone = "UIInterfaceOrientationPortrait UIInterfaceOrientationLandscapeLeft UIInterfaceOrientationLandscapeRight";
				INFOPLIST_KEY_UIUserInterfaceStyle = Light;
				LD_RUNPATH_SEARCH_PATHS = (
					"$(inherited)",
					"@executable_path/Frameworks",
				);
				MARKETING_VERSION = 1.0;
				PRODUCT_BUNDLE_IDENTIFIER = me.livingmobile.beginneriOS;
				PRODUCT_NAME = "$(TARGET_NAME)";
				PROVISIONING_PROFILE_SPECIFIER = TestProject;
				SWIFT_EMIT_LOC_STRINGS = YES;
				SWIFT_VERSION = 5.0;
				TARGETED_DEVICE_FAMILY = "1,2";
			};
			name = Debug;
		};
		49A5D04A28AA59C9003F52D6 /* Release */ = {
			isa = XCBuildConfiguration;
			baseConfigurationReference = 459C35F49413BEF7963B4EE4 /* Pods-TestProject.release.xcconfig */;
			buildSettings = {
				ASSETCATALOG_COMPILER_APPICON_NAME = AppIcon;
				ASSETCATALOG_COMPILER_GLOBAL_ACCENT_COLOR_NAME = AccentColor;
				CODE_SIGN_IDENTITY = "iPhone Distribution";
				CODE_SIGN_STYLE = Manual;
				CURRENT_PROJECT_VERSION = 1;
				DEVELOPMENT_TEAM = KRHZ7FBBS2;
				GENERATE_INFOPLIST_FILE = YES;
				INFOPLIST_FILE = TestProject/Info.plist;
				INFOPLIST_KEY_CFBundleDisplayName = Anime;
				INFOPLIST_KEY_UIApplicationSupportsIndirectInputEvents = YES;
				INFOPLIST_KEY_UILaunchStoryboardName = LaunchScreen;
				INFOPLIST_KEY_UIMainStoryboardFile = Main;
				INFOPLIST_KEY_UISupportedInterfaceOrientations_iPad = "UIInterfaceOrientationPortrait UIInterfaceOrientationPortraitUpsideDown UIInterfaceOrientationLandscapeLeft UIInterfaceOrientationLandscapeRight";
				INFOPLIST_KEY_UISupportedInterfaceOrientations_iPhone = "UIInterfaceOrientationPortrait UIInterfaceOrientationLandscapeLeft UIInterfaceOrientationLandscapeRight";
				INFOPLIST_KEY_UIUserInterfaceStyle = Light;
				LD_RUNPATH_SEARCH_PATHS = (
					"$(inherited)",
					"@executable_path/Frameworks",
				);
				MARKETING_VERSION = 1.0;
				PRODUCT_BUNDLE_IDENTIFIER = me.livingmobile.beginneriOS;
				PRODUCT_NAME = "$(TARGET_NAME)";
				PROVISIONING_PROFILE_SPECIFIER = "Beginner iOS In-House";
				SWIFT_EMIT_LOC_STRINGS = YES;
				SWIFT_VERSION = 5.0;
				TARGETED_DEVICE_FAMILY = "1,2";
			};
			name = Release;
		};
/* End XCBuildConfiguration section */

/* Begin XCConfigurationList section */
		49A5D02F28AA59C8003F52D6 /* Build configuration list for PBXProject "TestProject" */ = {
			isa = XCConfigurationList;
			buildConfigurations = (
				49A5D04628AA59C9003F52D6 /* Debug */,
				49A5D04728AA59C9003F52D6 /* Release */,
			);
			defaultConfigurationIsVisible = 0;
			defaultConfigurationName = Release;
		};
		49A5D04828AA59C9003F52D6 /* Build configuration list for PBXNativeTarget "TestProject" */ = {
			isa = XCConfigurationList;
			buildConfigurations = (
				49A5D04928AA59C9003F52D6 /* Debug */,
				49A5D04A28AA59C9003F52D6 /* Release */,
			);
			defaultConfigurationIsVisible = 0;
			defaultConfigurationName = Release;
		};
/* End XCConfigurationList section */
	};
	rootObject = 49A5D02C28AA59C8003F52D6 /* Project object */;
}
